
Microsoft Visual Studio Solution File, Format Version 12.00
# Visual Studio Version 17
VisualStudioVersion = 17.2.32516.85
MinimumVisualStudioVersion = 10.0.40219.1
Project("{9A19103F-16F7-4668-BE54-9A1E7A4F7556}") = "TextEditor", "TextEditor\TextEditor.csproj", "{5656DAC5-9D19-47CD-AEDE-D9354F50DD3B}"
EndProject
Global
	GlobalSection(SolutionConfigurationPlatforms) = preSolution
		Debug|Any CPU = Debug|Any CPU
		Release|Any CPU = Release|Any CPU
	EndGlobalSection
	GlobalSection(ProjectConfigurationPlatforms) = postSolution
		{5656DAC5-9D19-47CD-AEDE-D9354F50DD3B}.Debug|Any CPU.ActiveCfg = Debug|Any CPU
		{5656DAC5-9D19-47CD-AEDE-D9354F50DD3B}.Debug|Any CPU.Build.0 = Debug|Any CPU
		{5656DAC5-9D19-47CD-AEDE-D9354F50DD3B}.Release|Any CPU.ActiveCfg = Release|Any CPU
		{5656DAC5-9D19-47CD-AEDE-D9354F50DD3B}.Release|Any CPU.Build.0 = Release|Any CPU
	EndGlobalSection
	GlobalSection(SolutionProperties) = preSolution
		HideSolutionNode = FALSE
	EndGlobalSection
	GlobalSection(ExtensibilityGlobals) = postSolution
		SolutionGuid = {8DD571AF-DF5F-4423-9DF7-DE685C5AD5A2}
	EndGlobalSection
EndGlobal
